// !$*UTF8*$!
{
	archiveVersion = 1;
	classes = {
	};
	objectVersion = 50;
	objects = {

/* Begin PBXBuildFile section */
		05F49069216B59E0001A0AD5 /* main.cpp in Sources */ = {isa = PBXBuildFile; fileRef = 05F49068216B59E0001A0AD5 /* main.cpp */; };
		05F49071216B5AC2001A0AD5 /* net.cpp in Sources */ = {isa = PBXBuildFile; fileRef = 05F4906F216B5AC2001A0AD5 /* net.cpp */; };
		05F49074216B5C0C001A0AD5 /* neuron.cpp in Sources */ = {isa = PBXBuildFile; fileRef = 05F49072216B5C0C001A0AD5 /* neuron.cpp */; };
/* End PBXBuildFile section */

/* Begin PBXCopyFilesBuildPhase section */
		05F49063216B59E0001A0AD5 /* CopyFiles */ = {
			isa = PBXCopyFilesBuildPhase;
			buildActionMask = 2147483647;
			dstPath = /usr/share/man/man1/;
			dstSubfolderSpec = 0;
			files = (
			);
			runOnlyForDeploymentPostprocessing = 1;
		};
/* End PBXCopyFilesBuildPhase section */

/* Begin PBXFileReference section */
		05F49065216B59E0001A0AD5 /* NeuralNet */ = {isa = PBXFileReference; explicitFileType = "compiled.mach-o.executable"; includeInIndex = 0; path = NeuralNet; sourceTree = BUILT_PRODUCTS_DIR; };
		05F49068216B59E0001A0AD5 /* main.cpp */ = {isa = PBXFileReference; lastKnownFileType = sourcecode.cpp.cpp; path = main.cpp; sourceTree = "<group>"; };
		05F4906F216B5AC2001A0AD5 /* net.cpp */ = {isa = PBXFileReference; lastKnownFileType = sourcecode.cpp.cpp; path = net.cpp; sourceTree = "<group>"; };
		05F49070216B5AC2001A0AD5 /* net.hpp */ = {isa = PBXFileReference; lastKnownFileType = sourcecode.cpp.h; path = net.hpp; sourceTree = "<group>"; };
		05F49072216B5C0C001A0AD5 /* neuron.cpp */ = {isa = PBXFileReference; lastKnownFileType = sourcecode.cpp.cpp; path = neuron.cpp; sourceTree = "<group>"; };
		05F49073216B5C0C001A0AD5 /* neuron.hpp */ = {isa = PBXFileReference; lastKnownFileType = sourcecode.cpp.h; path = neuron.hpp; sourceTree = "<group>"; };
/* End PBXFileReference section */

/* Begin PBXFrameworksBuildPhase section */
		05F49062216B59E0001A0AD5 /* Frameworks */ = {
			isa = PBXFrameworksBuildPhase;
			buildActionMask = 2147483647;
			files = (
			);
			runOnlyForDeploymentPostprocessing = 0;
		};
/* End PBXFrameworksBuildPhase section */

/* Begin PBXGroup section */
		05F4905C216B59E0001A0AD5 = {
			isa = PBXGroup;
			children = (
				05F49067216B59E0001A0AD5 /* NeuralNet */,
				05F49066216B59E0001A0AD5 /* Products */,
			);
			sourceTree = "<group>";
		};
		05F49066216B59E0001A0AD5 /* Products */ = {
			isa = PBXGroup;
			children = (
				05F49065216B59E0001A0AD5 /* NeuralNet */,
			);
			name = Products;
			sourceTree = "<group>";
		};
		05F49067216B59E0001A0AD5 /* NeuralNet */ = {
			isa = PBXGroup;
			children = (
				05F49068216B59E0001A0AD5 /* main.cpp */,
				05F4906F216B5AC2001A0AD5 /* net.cpp */,
				05F49072216B5C0C001A0AD5 /* neuron.cpp */,
				05F49073216B5C0C001A0AD5 /* neuron.hpp */,
				05F49070216B5AC2001A0AD5 /* net.hpp */,
			);
			path = NeuralNet;
			sourceTree = "<group>";
		};
/* End PBXGroup section */

/* Begin PBXNativeTarget section */
		05F49064216B59E0001A0AD5 /* NeuralNet */ = {
			isa = PBXNativeTarget;
			buildConfigurationList = 05F4906C216B59E0001A0AD5 /* Build configuration list for PBXNativeTarget "NeuralNet" */;
			buildPhases = (
				05F49061216B59E0001A0AD5 /* Sources */,
				05F49062216B59E0001A0AD5 /* Frameworks */,
				05F49063216B59E0001A0AD5 /* CopyFiles */,
			);
			buildRules = (
			);
			dependencies = (
			);
			name = NeuralNet;
			productName = NeuralNet;
			productReference = 05F49065216B59E0001A0AD5 /* NeuralNet */;
			productType = "com.apple.product-type.tool";
		};
/* End PBXNativeTarget section */

/* Begin PBXProject section */
		05F4905D216B59E0001A0AD5 /* Project object */ = {
			isa = PBXProject;
			attributes = {
				LastUpgradeCheck = 1000;
				ORGANIZATIONNAME = "Никита Мелехин";
				TargetAttributes = {
					05F49064216B59E0001A0AD5 = {
						CreatedOnToolsVersion = 10.0;
					};
				};
			};
			buildConfigurationList = 05F49060216B59E0001A0AD5 /* Build configuration list for PBXProject "NeuralNet" */;
			compatibilityVersion = "Xcode 9.3";
			developmentRegion = en;
			hasScannedForEncodings = 0;
			knownRegions = (
				en,
			);
			mainGroup = 05F4905C216B59E0001A0AD5;
			productRefGroup = 05F49066216B59E0001A0AD5 /* Products */;
			projectDirPath = "";
			projectRoot = "";
			targets = (
				05F49064216B59E0001A0AD5 /* NeuralNet */,
			);
		};
/* End PBXProject section */

/* Begin PBXSourcesBuildPhase section */
		05F49061216B59E0001A0AD5 /* Sources */ = {
			isa = PBXSourcesBuildPhase;
			buildActionMask = 2147483647;
			files = (
				05F49069216B59E0001A0AD5 /* main.cpp in Sources */,
				05F49071216B5AC2001A0AD5 /* net.cpp in Sources */,
				05F49074216B5C0C001A0AD5 /* neuron.cpp in Sources */,
			);
			runOnlyForDeploymentPostprocessing = 0;
		};
/* End PBXSourcesBuildPhase section */

/* Begin XCBuildConfiguration section */
		05F4906A216B59E0001A0AD5 /* Debug */ = {
			isa = XCBuildConfiguration;
			buildSettings = {
				ALWAYS_SEARCH_USER_PATHS = NO;
				CLANG_ANALYZER_NONNULL = YES;
				CLANG_ANALYZER_NUMBER_OBJECT_CONVERSION = YES_AGGRESSIVE;
				CLANG_CXX_LANGUAGE_STANDARD = "gnu++14";
				CLANG_CXX_LIBRARY = "libc++";
				CLANG_ENABLE_MODULES = YES;
				CLANG_ENABLE_OBJC_ARC = YES;
				CLANG_ENABLE_OBJC_WEAK = YES;
				CLANG_WARN_BLOCK_CAPTURE_AUTORELEASING = YES;
				CLANG_WARN_BOOL_CONVERSION = YES;
				CLANG_WARN_COMMA = YES;
				CLANG_WARN_CONSTANT_CONVERSION = YES;
				CLANG_WARN_DEPRECATED_OBJC_IMPLEMENTATIONS = YES;
				CLANG_WARN_DIRECT_OBJC_ISA_USAGE = YES_ERROR;
				CLANG_WARN_DOCUMENTATION_COMMENTS = YES;
				CLANG_WARN_EMPTY_BODY = YES;
				CLANG_WARN_ENUM_CONVERSION = YES;
				CLANG_WARN_INFINITE_RECURSION = YES;
				CLANG_WARN_INT_CONVERSION = YES;
				CLANG_WARN_NON_LITERAL_NULL_CONVERSION = YES;
				CLANG_WARN_OBJC_IMPLICIT_RETAIN_SELF = YES;
				CLANG_WARN_OBJC_LITERAL_CONVERSION = YES;
				CLANG_WARN_OBJC_ROOT_CLASS = YES_ERROR;
				CLANG_WARN_RANGE_LOOP_ANALYSIS = YES;
				CLANG_WARN_STRICT_PROTOTYPES = YES;
				CLANG_WARN_SUSPICIOUS_MOVE = YES;
				CLANG_WARN_UNGUARDED_AVAILABILITY = YES_AGGRESSIVE;
				CLANG_WARN_UNREACHABLE_CODE = YES;
				CLANG_WARN__DUPLICATE_METHOD_MATCH = YES;
				CODE_SIGN_IDENTITY = "Mac Developer";
				COPY_PHASE_STRIP = NO;
				DEBUG_INFORMATION_FORMAT = dwarf;
				ENABLE_STRICT_OBJC_MSGSEND = YES;
				ENABLE_TESTABILITY = YES;
				GCC_C_LANGUAGE_STANDARD = gnu11;
				GCC_DYNAMIC_NO_PIC = NO;
				GCC_NO_COMMON_BLOCKS = YES;
				GCC_OPTIMIZATION_LEVEL = 0;
				GCC_PREPROCESSOR_DEFINITIONS = (
					"DEBUG=1",
					"$(inherited)",
				);
				GCC_WARN_64_TO_32_BIT_CONVERSION = YES;
				GCC_WARN_ABOUT_RETURN_TYPE = YES_ERROR;
				GCC_WARN_UNDECLARED_SELECTOR = YES;
				GCC_WARN_UNINITIALIZED_AUTOS = YES_AGGRESSIVE;
				GCC_WARN_UNUSED_FUNCTION = YES;
				GCC_WARN_UNUSED_VARIABLE = YES;
				MACOSX_DEPLOYMENT_TARGET = 10.13;
				MTL_ENABLE_DEBUG_INFO = INCLUDE_SOURCE;
				MTL_FAST_MATH = YES;
				ONLY_ACTIVE_ARCH = YES;
				SDKROOT = macosx;
			};
			name = Debug;
		};
		05F4906B216B59E0001A0AD5 /* Release */ = {
			isa = XCBuildConfiguration;
			buildSettings = {
				ALWAYS_SEARCH_USER_PATHS = NO;
				CLANG_ANALYZER_NONNULL = YES;
				CLANG_ANALYZER_NUMBER_OBJECT_CONVERSION = YES_AGGRESSIVE;
				CLANG_CXX_LANGUAGE_STANDARD = "gnu++14";
				CLANG_CXX_LIBRARY = "libc++";
				CLANG_ENABLE_MODULES = YES;
				CLANG_ENABLE_OBJC_ARC = YES;
				CLANG_ENABLE_OBJC_WEAK = YES;
				CLANG_WARN_BLOCK_CAPTURE_AUTORELEASING = YES;
				CLANG_WARN_BOOL_CONVERSION = YES;
				CLANG_WARN_COMMA = YES;
				CLANG_WARN_CONSTANT_CONVERSION = YES;
				CLANG_WARN_DEPRECATED_OBJC_IMPLEMENTATIONS = YES;
				CLANG_WARN_DIRECT_OBJC_ISA_USAGE = YES_ERROR;
				CLANG_WARN_DOCUMENTATION_COMMENTS = YES;
				CLANG_WARN_EMPTY_BODY = YES;
				CLANG_WARN_ENUM_CONVERSION = YES;
				CLANG_WARN_INFINITE_RECURSION = YES;
				CLANG_WARN_INT_CONVERSION = YES;
				CLANG_WARN_NON_LITERAL_NULL_CONVERSION = YES;
				CLANG_WARN_OBJC_IMPLICIT_RETAIN_SELF = YES;
				CLANG_WARN_OBJC_LITERAL_CONVERSION = YES;
				CLANG_WARN_OBJC_ROOT_CLASS = YES_ERROR;
				CLANG_WARN_RANGE_LOOP_ANALYSIS = YES;
				CLANG_WARN_STRICT_PROTOTYPES = YES;
				CLANG_WARN_SUSPICIOUS_MOVE = YES;
				CLANG_WARN_UNGUARDED_AVAILABILITY = YES_AGGRESSIVE;
				CLANG_WARN_UNREACHABLE_CODE = YES;
				CLANG_WARN__DUPLICATE_METHOD_MATCH = YES;
				CODE_SIGN_IDENTITY = "Mac Developer";
				COPY_PHASE_STRIP = NO;
				DEBUG_INFORMATION_FORMAT = "dwarf-with-dsym";
				ENABLE_NS_ASSERTIONS = NO;
				ENABLE_STRICT_OBJC_MSGSEND = YES;
				GCC_C_LANGUAGE_STANDARD = gnu11;
				GCC_NO_COMMON_BLOCKS = YES;
				GCC_WARN_64_TO_32_BIT_CONVERSION = YES;
				GCC_WARN_ABOUT_RETURN_TYPE = YES_ERROR;
				GCC_WARN_UNDECLARED_SELECTOR = YES;
				GCC_WARN_UNINITIALIZED_AUTOS = YES_AGGRESSIVE;
				GCC_WARN_UNUSED_FUNCTION = YES;
				GCC_WARN_UNUSED_VARIABLE = YES;
				MACOSX_DEPLOYMENT_TARGET = 10.13;
				MTL_ENABLE_DEBUG_INFO = NO;
				MTL_FAST_MATH = YES;
				SDKROOT = macosx;
			};
			name = Release;
		};
		05F4906D216B59E0001A0AD5 /* Debug */ = {
			isa = XCBuildConfiguration;
			buildSettings = {
				CODE_SIGN_STYLE = Automatic;
				DEVELOPMENT_TEAM = M63KLEQ9VT;
				PRODUCT_NAME = "$(TARGET_NAME)";
			};
			name = Debug;
		};
		05F4906E216B59E0001A0AD5 /* Release */ = {
			isa = XCBuildConfiguration;
			buildSettings = {
				CODE_SIGN_STYLE = Automatic;
				DEVELOPMENT_TEAM = M63KLEQ9VT;
				PRODUCT_NAME = "$(TARGET_NAME)";
			};
			name = Release;
		};
/* End XCBuildConfiguration section */

/* Begin XCConfigurationList section */
		05F49060216B59E0001A0AD5 /* Build configuration list for PBXProject "NeuralNet" */ = {
			isa = XCConfigurationList;
			buildConfigurations = (
				05F4906A216B59E0001A0AD5 /* Debug */,
				05F4906B216B59E0001A0AD5 /* Release */,
			);
			defaultConfigurationIsVisible = 0;
			defaultConfigurationName = Release;
		};
		05F4906C216B59E0001A0AD5 /* Build configuration list for PBXNativeTarget "NeuralNet" */ = {
			isa = XCConfigurationList;
			buildConfigurations = (
				05F4906D216B59E0001A0AD5 /* Debug */,
				05F4906E216B59E0001A0AD5 /* Release */,
			);
			defaultConfigurationIsVisible = 0;
			defaultConfigurationName = Release;
		};
/* End XCConfigurationList section */
	};
	rootObject = 05F4905D216B59E0001A0AD5 /* Project object */;
}
